// !$*UTF8*$!
{
	archiveVersion = 1;
	classes = {
	};
	objectVersion = 46;
	objects = {

/* Begin PBXBuildFile section */
		2460A02C1EF38C0A00C11CA1 /* logo.png in Resources */ = {isa = PBXBuildFile; fileRef = 2460A02B1EF38C0A00C11CA1 /* logo.png */; };
		2460A0321EF3B7AA00C11CA1 /* RelationA.m in Sources */ = {isa = PBXBuildFile; fileRef = 2460A0311EF3B7AA00C11CA1 /* RelationA.m */; };
		2460A0351EF3B7B100C11CA1 /* RelationB.m in Sources */ = {isa = PBXBuildFile; fileRef = 2460A0341EF3B7B100C11CA1 /* RelationB.m */; };
		2460A0381EF3C55100C11CA1 /* EmptyValue.m in Sources */ = {isa = PBXBuildFile; fileRef = 2460A0371EF3C55100C11CA1 /* EmptyValue.m */; };
		248D1CB41EF1199000A062B4 /* main.m in Sources */ = {isa = PBXBuildFile; fileRef = 248D1CB31EF1199000A062B4 /* main.m */; };
		248D1CB71EF1199000A062B4 /* AppDelegate.m in Sources */ = {isa = PBXBuildFile; fileRef = 248D1CB61EF1199000A062B4 /* AppDelegate.m */; };
		248D1CBA1EF1199100A062B4 /* ViewController.m in Sources */ = {isa = PBXBuildFile; fileRef = 248D1CB91EF1199100A062B4 /* ViewController.m */; };
		248D1CBD1EF1199100A062B4 /* Main.storyboard in Resources */ = {isa = PBXBuildFile; fileRef = 248D1CBB1EF1199100A062B4 /* Main.storyboard */; };
		248D1CBF1EF1199200A062B4 /* Assets.xcassets in Resources */ = {isa = PBXBuildFile; fileRef = 248D1CBE1EF1199200A062B4 /* Assets.xcassets */; };
		248D1CC21EF1199300A062B4 /* LaunchScreen.storyboard in Resources */ = {isa = PBXBuildFile; fileRef = 248D1CC01EF1199300A062B4 /* LaunchScreen.storyboard */; };
		248D1CCF1EF1223000A062B4 /* Stu.m in Sources */ = {isa = PBXBuildFile; fileRef = 248D1CCE1EF1223000A062B4 /* Stu.m */; };
		42896ACC15EB5F84752B270D /* Pods_RealmTest.framework in Frameworks */ = {isa = PBXBuildFile; fileRef = 5DACBE3A868773DF233F2E04 /* Pods_RealmTest.framework */; };
/* End PBXBuildFile section */

/* Begin PBXFileReference section */
		2460A02B1EF38C0A00C11CA1 /* logo.png */ = {isa = PBXFileReference; lastKnownFileType = image.png; path = logo.png; sourceTree = "<group>"; };
		2460A0301EF3B7AA00C11CA1 /* RelationA.h */ = {isa = PBXFileReference; fileEncoding = 4; lastKnownFileType = sourcecode.c.h; path = RelationA.h; sourceTree = "<group>"; };
		2460A0311EF3B7AA00C11CA1 /* RelationA.m */ = {isa = PBXFileReference; fileEncoding = 4; lastKnownFileType = sourcecode.c.objc; path = RelationA.m; sourceTree = "<group>"; };
		2460A0331EF3B7B100C11CA1 /* RelationB.h */ = {isa = PBXFileReference; fileEncoding = 4; lastKnownFileType = sourcecode.c.h; path = RelationB.h; sourceTree = "<group>"; };
		2460A0341EF3B7B100C11CA1 /* RelationB.m */ = {isa = PBXFileReference; fileEncoding = 4; lastKnownFileType = sourcecode.c.objc; path = RelationB.m; sourceTree = "<group>"; };
		2460A0361EF3C55100C11CA1 /* EmptyValue.h */ = {isa = PBXFileReference; fileEncoding = 4; lastKnownFileType = sourcecode.c.h; path = EmptyValue.h; sourceTree = "<group>"; };
		2460A0371EF3C55100C11CA1 /* EmptyValue.m */ = {isa = PBXFileReference; fileEncoding = 4; lastKnownFileType = sourcecode.c.objc; path = EmptyValue.m; sourceTree = "<group>"; };
		248D1CAF1EF1199000A062B4 /* RealmTest.app */ = {isa = PBXFileReference; explicitFileType = wrapper.application; includeInIndex = 0; path = RealmTest.app; sourceTree = BUILT_PRODUCTS_DIR; };
		248D1CB31EF1199000A062B4 /* main.m */ = {isa = PBXFileReference; lastKnownFileType = sourcecode.c.objc; path = main.m; sourceTree = "<group>"; };
		248D1CB51EF1199000A062B4 /* AppDelegate.h */ = {isa = PBXFileReference; lastKnownFileType = sourcecode.c.h; path = AppDelegate.h; sourceTree = "<group>"; };
		248D1CB61EF1199000A062B4 /* AppDelegate.m */ = {isa = PBXFileReference; lastKnownFileType = sourcecode.c.objc; path = AppDelegate.m; sourceTree = "<group>"; };
		248D1CB81EF1199100A062B4 /* ViewController.h */ = {isa = PBXFileReference; lastKnownFileType = sourcecode.c.h; path = ViewController.h; sourceTree = "<group>"; };
		248D1CB91EF1199100A062B4 /* ViewController.m */ = {isa = PBXFileReference; lastKnownFileType = sourcecode.c.objc; path = ViewController.m; sourceTree = "<group>"; };
		248D1CBC1EF1199100A062B4 /* Base */ = {isa = PBXFileReference; lastKnownFileType = file.storyboard; name = Base; path = Base.lproj/Main.storyboard; sourceTree = "<group>"; };
		248D1CBE1EF1199200A062B4 /* Assets.xcassets */ = {isa = PBXFileReference; lastKnownFileType = folder.assetcatalog; path = Assets.xcassets; sourceTree = "<group>"; };
		248D1CC11EF1199300A062B4 /* Base */ = {isa = PBXFileReference; lastKnownFileType = file.storyboard; name = Base; path = Base.lproj/LaunchScreen.storyboard; sourceTree = "<group>"; };
		248D1CC31EF1199300A062B4 /* Info.plist */ = {isa = PBXFileReference; lastKnownFileType = text.plist.xml; path = Info.plist; sourceTree = "<group>"; };
		248D1CCD1EF1223000A062B4 /* Stu.h */ = {isa = PBXFileReference; fileEncoding = 4; lastKnownFileType = sourcecode.c.h; path = Stu.h; sourceTree = "<group>"; };
		248D1CCE1EF1223000A062B4 /* Stu.m */ = {isa = PBXFileReference; fileEncoding = 4; lastKnownFileType = sourcecode.c.objc; path = Stu.m; sourceTree = "<group>"; };
		5DACBE3A868773DF233F2E04 /* Pods_RealmTest.framework */ = {isa = PBXFileReference; explicitFileType = wrapper.framework; includeInIndex = 0; path = Pods_RealmTest.framework; sourceTree = BUILT_PRODUCTS_DIR; };
		7A4B39E07B99B36C70069F95 /* Pods-RealmTest.release.xcconfig */ = {isa = PBXFileReference; includeInIndex = 1; lastKnownFileType = text.xcconfig; name = "Pods-RealmTest.release.xcconfig"; path = "Pods/Target Support Files/Pods-RealmTest/Pods-RealmTest.release.xcconfig"; sourceTree = "<group>"; };
		B17F9E2B30B4CBE6424D5ECF /* Pods-RealmTest.debug.xcconfig */ = {isa = PBXFileReference; includeInIndex = 1; lastKnownFileType = text.xcconfig; name = "Pods-RealmTest.debug.xcconfig"; path = "Pods/Target Support Files/Pods-RealmTest/Pods-RealmTest.debug.xcconfig"; sourceTree = "<group>"; };
/* End PBXFileReference section */

/* Begin PBXFrameworksBuildPhase section */
		248D1CAC1EF1199000A062B4 /* Frameworks */ = {
			isa = PBXFrameworksBuildPhase;
			buildActionMask = 2147483647;
			files = (
				42896ACC15EB5F84752B270D /* Pods_RealmTest.framework in Frameworks */,
			);
			runOnlyForDeploymentPostprocessing = 0;
		};
/* End PBXFrameworksBuildPhase section */

/* Begin PBXGroup section */
		1BA722A1C19BFE98A7BE6F4B /* Pods */ = {
			isa = PBXGroup;
			children = (
				B17F9E2B30B4CBE6424D5ECF /* Pods-RealmTest.debug.xcconfig */,
				7A4B39E07B99B36C70069F95 /* Pods-RealmTest.release.xcconfig */,
			);
			name = Pods;
			sourceTree = "<group>";
		};
		248D1CA61EF1199000A062B4 = {
			isa = PBXGroup;
			children = (
				248D1CB11EF1199000A062B4 /* RealmTest */,
				248D1CB01EF1199000A062B4 /* Products */,
				1BA722A1C19BFE98A7BE6F4B /* Pods */,
				B37FE5D6E7A07A9120078B1A /* Frameworks */,
			);
			sourceTree = "<group>";
		};
		248D1CB01EF1199000A062B4 /* Products */ = {
			isa = PBXGroup;
			children = (
				248D1CAF1EF1199000A062B4 /* RealmTest.app */,
			);
			name = Products;
			sourceTree = "<group>";
		};
		248D1CB11EF1199000A062B4 /* RealmTest */ = {
			isa = PBXGroup;
			children = (
				248D1CB51EF1199000A062B4 /* AppDelegate.h */,
				248D1CB61EF1199000A062B4 /* AppDelegate.m */,
				248D1CB81EF1199100A062B4 /* ViewController.h */,
				248D1CB91EF1199100A062B4 /* ViewController.m */,
				248D1CBB1EF1199100A062B4 /* Main.storyboard */,
				2460A02B1EF38C0A00C11CA1 /* logo.png */,
				248D1CBE1EF1199200A062B4 /* Assets.xcassets */,
				248D1CC01EF1199300A062B4 /* LaunchScreen.storyboard */,
				248D1CC31EF1199300A062B4 /* Info.plist */,
				248D1CC91EF121B900A062B4 /* Model */,
				248D1CB21EF1199000A062B4 /* Supporting Files */,
			);
			path = RealmTest;
			sourceTree = "<group>";
		};
		248D1CB21EF1199000A062B4 /* Supporting Files */ = {
			isa = PBXGroup;
			children = (
				248D1CB31EF1199000A062B4 /* main.m */,
			);
			name = "Supporting Files";
			sourceTree = "<group>";
		};
		248D1CC91EF121B900A062B4 /* Model */ = {
			isa = PBXGroup;
			children = (
				248D1CCD1EF1223000A062B4 /* Stu.h */,
				248D1CCE1EF1223000A062B4 /* Stu.m */,
				2460A0301EF3B7AA00C11CA1 /* RelationA.h */,
				2460A0311EF3B7AA00C11CA1 /* RelationA.m */,
				2460A0331EF3B7B100C11CA1 /* RelationB.h */,
				2460A0341EF3B7B100C11CA1 /* RelationB.m */,
				2460A0361EF3C55100C11CA1 /* EmptyValue.h */,
				2460A0371EF3C55100C11CA1 /* EmptyValue.m */,
			);
			path = Model;
			sourceTree = "<group>";
		};
		B37FE5D6E7A07A9120078B1A /* Frameworks */ = {
			isa = PBXGroup;
			children = (
				5DACBE3A868773DF233F2E04 /* Pods_RealmTest.framework */,
			);
			name = Frameworks;
			sourceTree = "<group>";
		};
/* End PBXGroup section */

/* Begin PBXNativeTarget section */
		248D1CAE1EF1199000A062B4 /* RealmTest */ = {
			isa = PBXNativeTarget;
			buildConfigurationList = 248D1CC61EF1199300A062B4 /* Build configuration list for PBXNativeTarget "RealmTest" */;
			buildPhases = (
				6150DE38AF7CD7EDD62033C1 /* [CP] Check Pods Manifest.lock */,
				248D1CAB1EF1199000A062B4 /* Sources */,
				248D1CAC1EF1199000A062B4 /* Frameworks */,
				248D1CAD1EF1199000A062B4 /* Resources */,
				DC78D62CA1BD3E1AC5D6181E /* [CP] Embed Pods Frameworks */,
				AEFA26606012C951CFFD5A02 /* [CP] Copy Pods Resources */,
			);
			buildRules = (
			);
			dependencies = (
			);
			name = RealmTest;
			productName = RealmTest;
			productReference = 248D1CAF1EF1199000A062B4 /* RealmTest.app */;
			productType = "com.apple.product-type.application";
		};
/* End PBXNativeTarget section */

/* Begin PBXProject section */
		248D1CA71EF1199000A062B4 /* Project object */ = {
			isa = PBXProject;
			attributes = {
				LastUpgradeCheck = 0830;
				ORGANIZATIONNAME = com.circcus;
				TargetAttributes = {
					248D1CAE1EF1199000A062B4 = {
						CreatedOnToolsVersion = 8.3.3;
						DevelopmentTeam = 3ZB9WDCH2K;
						ProvisioningStyle = Automatic;
					};
				};
			};
			buildConfigurationList = 248D1CAA1EF1199000A062B4 /* Build configuration list for PBXProject "RealmTest" */;
			compatibilityVersion = "Xcode 3.2";
			developmentRegion = English;
			hasScannedForEncodings = 0;
			knownRegions = (
				en,
				Base,
			);
			mainGroup = 248D1CA61EF1199000A062B4;
			productRefGroup = 248D1CB01EF1199000A062B4 /* Products */;
			projectDirPath = "";
			projectRoot = "";
			targets = (
				248D1CAE1EF1199000A062B4 /* RealmTest */,
			);
		};
/* End PBXProject section */

/* Begin PBXResourcesBuildPhase section */
		248D1CAD1EF1199000A062B4 /* Resources */ = {
			isa = PBXResourcesBuildPhase;
			buildActionMask = 2147483647;
			files = (
				2460A02C1EF38C0A00C11CA1 /* logo.png in Resources */,
				248D1CC21EF1199300A062B4 /* LaunchScreen.storyboard in Resources */,
				248D1CBF1EF1199200A062B4 /* Assets.xcassets in Resources */,
				248D1CBD1EF1199100A062B4 /* Main.storyboard in Resources */,
			);
			runOnlyForDeploymentPostprocessing = 0;
		};
/* End PBXResourcesBuildPhase section */

/* Begin PBXShellScriptBuildPhase section */
		6150DE38AF7CD7EDD62033C1 /* [CP] Check Pods Manifest.lock */ = {
			isa = PBXShellScriptBuildPhase;
			buildActionMask = 2147483647;
			files = (
			);
			inputPaths = (
			);
			name = "[CP] Check Pods Manifest.lock";
			outputPaths = (
			);
			runOnlyForDeploymentPostprocessing = 0;
			shellPath = /bin/sh;
			shellScript = "diff \"${PODS_ROOT}/../Podfile.lock\" \"${PODS_ROOT}/Manifest.lock\" > /dev/null\nif [ $? != 0 ] ; then\n    # print error to STDERR\n    echo \"error: The sandbox is not in sync with the Podfile.lock. Run 'pod install' or update your CocoaPods installation.\" >&2\n    exit 1\nfi\n";
			showEnvVarsInLog = 0;
		};
		AEFA26606012C951CFFD5A02 /* [CP] Copy Pods Resources */ = {
			isa = PBXShellScriptBuildPhase;
			buildActionMask = 2147483647;
			files = (
			);
			inputPaths = (
			);
			name = "[CP] Copy Pods Resources";
			outputPaths = (
			);
			runOnlyForDeploymentPostprocessing = 0;
			shellPath = /bin/sh;
			shellScript = "\"${SRCROOT}/Pods/Target Support Files/Pods-RealmTest/Pods-RealmTest-resources.sh\"\n";
			showEnvVarsInLog = 0;
		};
		DC78D62CA1BD3E1AC5D6181E /* [CP] Embed Pods Frameworks */ = {
			isa = PBXShellScriptBuildPhase;
			buildActionMask = 2147483647;
			files = (
			);
			inputPaths = (
			);
			name = "[CP] Embed Pods Frameworks";
			outputPaths = (
			);
			runOnlyForDeploymentPostprocessing = 0;
			shellPath = /bin/sh;
			shellScript = "\"${SRCROOT}/Pods/Target Support Files/Pods-RealmTest/Pods-RealmTest-frameworks.sh\"\n";
			showEnvVarsInLog = 0;
		};
/* End PBXShellScriptBuildPhase section */

/* Begin PBXSourcesBuildPhase section */
		248D1CAB1EF1199000A062B4 /* Sources */ = {
			isa = PBXSourcesBuildPhase;
			buildActionMask = 2147483647;
			files = (
				248D1CCF1EF1223000A062B4 /* Stu.m in Sources */,
				2460A0321EF3B7AA00C11CA1 /* RelationA.m in Sources */,
				248D1CBA1EF1199100A062B4 /* ViewController.m in Sources */,
				248D1CB71EF1199000A062B4 /* AppDelegate.m in Sources */,
				2460A0381EF3C55100C11CA1 /* EmptyValue.m in Sources */,
				2460A0351EF3B7B100C11CA1 /* RelationB.m in Sources */,
				248D1CB41EF1199000A062B4 /* main.m in Sources */,
			);
			runOnlyForDeploymentPostprocessing = 0;
		};
/* End PBXSourcesBuildPhase section */

/* Begin PBXVariantGroup section */
		248D1CBB1EF1199100A062B4 /* Main.storyboard */ = {
			isa = PBXVariantGroup;
			children = (
				248D1CBC1EF1199100A062B4 /* Base */,
			);
			name = Main.storyboard;
			sourceTree = "<group>";
		};
		248D1CC01EF1199300A062B4 /* LaunchScreen.storyboard */ = {
			isa = PBXVariantGroup;
			children = (
				248D1CC11EF1199300A062B4 /* Base */,
			);
			name = LaunchScreen.storyboard;
			sourceTree = "<group>";
		};
/* End PBXVariantGroup section */

/* Begin XCBuildConfiguration section */
		248D1CC41EF1199300A062B4 /* Debug */ = {
			isa = XCBuildConfiguration;
			buildSettings = {
				ALWAYS_SEARCH_USER_PATHS = NO;
				CLANG_ANALYZER_NONNULL = YES;
				CLANG_ANALYZER_NUMBER_OBJECT_CONVERSION = YES_AGGRESSIVE;
				CLANG_CXX_LANGUAGE_STANDARD = "gnu++0x";
				CLANG_CXX_LIBRARY = "libc++";
				CLANG_ENABLE_MODULES = YES;
				CLANG_ENABLE_OBJC_ARC = YES;
				CLANG_WARN_BOOL_CONVERSION = YES;
				CLANG_WARN_CONSTANT_CONVERSION = YES;
				CLANG_WARN_DIRECT_OBJC_ISA_USAGE = YES_ERROR;
				CLANG_WARN_DOCUMENTATION_COMMENTS = YES;
				CLANG_WARN_EMPTY_BODY = YES;
				CLANG_WARN_ENUM_CONVERSION = YES;
				CLANG_WARN_INFINITE_RECURSION = YES;
				CLANG_WARN_INT_CONVERSION = YES;
				CLANG_WARN_OBJC_ROOT_CLASS = YES_ERROR;
				CLANG_WARN_SUSPICIOUS_MOVE = YES;
				CLANG_WARN_UNREACHABLE_CODE = YES;
				CLANG_WARN__DUPLICATE_METHOD_MATCH = YES;
				"CODE_SIGN_IDENTITY[sdk=iphoneos*]" = "iPhone Developer";
				COPY_PHASE_STRIP = NO;
				DEBUG_INFORMATION_FORMAT = dwarf;
				ENABLE_STRICT_OBJC_MSGSEND = YES;
				ENABLE_TESTABILITY = YES;
				GCC_C_LANGUAGE_STANDARD = gnu99;
				GCC_DYNAMIC_NO_PIC = NO;
				GCC_NO_COMMON_BLOCKS = YES;
				GCC_OPTIMIZATION_LEVEL = 0;
				GCC_PREPROCESSOR_DEFINITIONS = (
					"DEBUG=1",
					"$(inherited)",
				);
				GCC_WARN_64_TO_32_BIT_CONVERSION = YES;
				GCC_WARN_ABOUT_RETURN_TYPE = YES_ERROR;
				GCC_WARN_UNDECLARED_SELECTOR = YES;
				GCC_WARN_UNINITIALIZED_AUTOS = YES_AGGRESSIVE;
				GCC_WARN_UNUSED_FUNCTION = YES;
				GCC_WARN_UNUSED_VARIABLE = YES;
				IPHONEOS_DEPLOYMENT_TARGET = 10.3;
				MTL_ENABLE_DEBUG_INFO = YES;
				ONLY_ACTIVE_ARCH = YES;
				SDKROOT = iphoneos;
			};
			name = Debug;
		};
		248D1CC51EF1199300A062B4 /* Release */ = {
			isa = XCBuildConfiguration;
			buildSettings = {
				ALWAYS_SEARCH_USER_PATHS = NO;
				CLANG_ANALYZER_NONNULL = YES;
				CLANG_ANALYZER_NUMBER_OBJECT_CONVERSION = YES_AGGRESSIVE;
				CLANG_CXX_LANGUAGE_STANDARD = "gnu++0x";
				CLANG_CXX_LIBRARY = "libc++";
				CLANG_ENABLE_MODULES = YES;
				CLANG_ENABLE_OBJC_ARC = YES;
				CLANG_WARN_BOOL_CONVERSION = YES;
				CLANG_WARN_CONSTANT_CONVERSION = YES;
				CLANG_WARN_DIRECT_OBJC_ISA_USAGE = YES_ERROR;
				CLANG_WARN_DOCUMENTATION_COMMENTS = YES;
				CLANG_WARN_EMPTY_BODY = YES;
				CLANG_WARN_ENUM_CONVERSION = YES;
				CLANG_WARN_INFINITE_RECURSION = YES;
				CLANG_WARN_INT_CONVERSION = YES;
				CLANG_WARN_OBJC_ROOT_CLASS = YES_ERROR;
				CLANG_WARN_SUSPICIOUS_MOVE = YES;
				CLANG_WARN_UNREACHABLE_CODE = YES;
				CLANG_WARN__DUPLICATE_METHOD_MATCH = YES;
				"CODE_SIGN_IDENTITY[sdk=iphoneos*]" = "iPhone Developer";
				COPY_PHASE_STRIP = NO;
				DEBUG_INFORMATION_FORMAT = "dwarf-with-dsym";
				ENABLE_NS_ASSERTIONS = NO;
				ENABLE_STRICT_OBJC_MSGSEND = YES;
				GCC_C_LANGUAGE_STANDARD = gnu99;
				GCC_NO_COMMON_BLOCKS = YES;
				GCC_WARN_64_TO_32_BIT_CONVERSION = YES;
				GCC_WARN_ABOUT_RETURN_TYPE = YES_ERROR;
				GCC_WARN_UNDECLARED_SELECTOR = YES;
				GCC_WARN_UNINITIALIZED_AUTOS = YES_AGGRESSIVE;
				GCC_WARN_UNUSED_FUNCTION = YES;
				GCC_WARN_UNUSED_VARIABLE = YES;
				IPHONEOS_DEPLOYMENT_TARGET = 10.3;
				MTL_ENABLE_DEBUG_INFO = NO;
				SDKROOT = iphoneos;
				VALIDATE_PRODUCT = YES;
			};
			name = Release;
		};
		248D1CC71EF1199300A062B4 /* Debug */ = {
			isa = XCBuildConfiguration;
			baseConfigurationReference = B17F9E2B30B4CBE6424D5ECF /* Pods-RealmTest.debug.xcconfig */;
			buildSettings = {
				ASSETCATALOG_COMPILER_APPICON_NAME = AppIcon;
				DEVELOPMENT_TEAM = 3ZB9WDCH2K;
				INFOPLIST_FILE = RealmTest/Info.plist;
				LD_RUNPATH_SEARCH_PATHS = "$(inherited) @executable_path/Frameworks";
				PRODUCT_BUNDLE_IDENTIFIER = com.circcus.RealmTest;
				PRODUCT_NAME = "$(TARGET_NAME)";
			};
			name = Debug;
		};
		248D1CC81EF1199300A062B4 /* Release */ = {
			isa = XCBuildConfiguration;
			baseConfigurationReference = 7A4B39E07B99B36C70069F95 /* Pods-RealmTest.release.xcconfig */;
			buildSettings = {
				ASSETCATALOG_COMPILER_APPICON_NAME = AppIcon;
				DEVELOPMENT_TEAM = 3ZB9WDCH2K;
				INFOPLIST_FILE = RealmTest/Info.plist;
				LD_RUNPATH_SEARCH_PATHS = "$(inherited) @executable_path/Frameworks";
				PRODUCT_BUNDLE_IDENTIFIER = com.circcus.RealmTest;
				PRODUCT_NAME = "$(TARGET_NAME)";
			};
			name = Release;
		};
/* End XCBuildConfiguration section */

/* Begin XCConfigurationList section */
		248D1CAA1EF1199000A062B4 /* Build configuration list for PBXProject "RealmTest" */ = {
			isa = XCConfigurationList;
			buildConfigurations = (
				248D1CC41EF1199300A062B4 /* Debug */,
				248D1CC51EF1199300A062B4 /* Release */,
			);
			defaultConfigurationIsVisible = 0;
			defaultConfigurationName = Release;
		};
		248D1CC61EF1199300A062B4 /* Build configuration list for PBXNativeTarget "RealmTest" */ = {
			isa = XCConfigurationList;
			buildConfigurations = (
				248D1CC71EF1199300A062B4 /* Debug */,
				248D1CC81EF1199300A062B4 /* Release */,
			);
			defaultConfigurationIsVisible = 0;
			defaultConfigurationName = Release;
		};
/* End XCConfigurationList section */
	};
	rootObject = 248D1CA71EF1199000A062B4 /* Project object */;
}
